{
  "name": "room-thermostat",
  "version": "0.0.1",
  "lockfileVersion": 1,
  "requires": true,
  "dependencies": {
    "@types/retry": {
      "version": "0.12.0",
      "resolved": "https://registry.npmjs.org/@types/retry/-/retry-0.12.0.tgz",
      "integrity": "sha512-wWKOClTTiizcZhXnPY4wikVAwmdYHp8q6DmC+EJUzAMsycb7HB32Kh9RN4+0gExjmPmZSAQjgURXIGATPegAvA=="
    },
    "bindings": {
      "version": "1.5.0",
      "resolved": "https://registry.npmjs.org/bindings/-/bindings-1.5.0.tgz",
      "integrity": "sha512-p2q/t/mhvuOj/UeLlV6566GD/guowlr0hHxClI0W9m7MWYkL1F0hLo+0Aexs9HSPCtR1SXQ0TD3MMKrXZajbiQ==",
      "requires": {
        "file-uri-to-path": "1.0.0"
      }
    },
    "bme280-sensor": {
      "version": "0.1.7",
      "resolved": "https://registry.npmjs.org/bme280-sensor/-/bme280-sensor-0.1.7.tgz",
      "integrity": "sha512-8+ss7jXMpRUUaR6bJWcvCt1bwdNqcusGjQtsuSqh5xTEZhJocDX21eo/j1g0zVZW9WEn4JAGNXyGwKTx4/Dj+A==",
      "requires": {
        "i2c-bus": "^5.1.0"
      }
    },
    "debug": {
      "version": "4.1.1",
      "resolved": "https://registry.npmjs.org/debug/-/debug-4.1.1.tgz",
      "integrity": "sha512-pYAIzeRo8J6KPEaJ0VWOh5Pzkbw/RetuzehGM7QRRX5he4fPHx2rdKMB256ehJCkX+XRQm16eZLqLNS8RSZXZw==",
      "requires": {
        "ms": "^2.1.1"
      }
    },
    "file-uri-to-path": {
      "version": "1.0.0",
      "resolved": "https://registry.npmjs.org/file-uri-to-path/-/file-uri-to-path-1.0.0.tgz",
      "integrity": "sha512-0Zt+s3L7Vf1biwWZ29aARiVYLx7iMGnEUl9x33fbB/j3jR81u/O2LbqK+Bm1CDSNDKVtJ/YjwY7TUd5SkeLQLw=="
    },
    "i2c-bus": {
      "version": "5.1.0",
      "resolved": "https://registry.npmjs.org/i2c-bus/-/i2c-bus-5.1.0.tgz",
      "integrity": "sha512-u/q1fuZ5xrG77y3uo1rAANycboXsRNjneN+6jXRNMT2yRNpanVkbAP+IArwgsPRCHaY/zKxw7x5G8Y2fSPNseA==",
      "requires": {
        "bindings": "^1.5.0",
        "nan": "^2.14.0"
      }
    },
    "ms": {
      "version": "2.1.2",
      "resolved": "https://registry.npmjs.org/ms/-/ms-2.1.2.tgz",
      "integrity": "sha512-sGkPx+VjMtmA6MX27oA4FBFELFCZZ4S4XqeGOXCv68tT+jb3vk/RyaKWP0PTKyWtmLSM0b+adUTEvbs1PEaH2w=="
    },
    "nan": {
      "version": "2.14.0",
      "resolved": "https://registry.npmjs.org/nan/-/nan-2.14.0.tgz",
      "integrity": "sha512-INOFj37C7k3AfaNTtX8RhsTw7qRy7eLET14cROi9+5HAVbbHuIWUHEauBv5qT4Av2tWasiTY1Jw6puUNqRJXQg=="
    },
    "p-finally": {
      "version": "1.0.0",
      "resolved": "https://registry.npmjs.org/p-finally/-/p-finally-1.0.0.tgz",
      "integrity": "sha1-P7z7FbiZpEEjs0ttzBi3JDNqLK4="
    },
    "p-retry": {
      "version": "4.2.0",
      "resolved": "https://registry.npmjs.org/p-retry/-/p-retry-4.2.0.tgz",
      "integrity": "sha512-jPH38/MRh263KKcq0wBNOGFJbm+U6784RilTmHjB/HM9kH9V8WlCpVUcdOmip9cjXOh6MxZ5yk1z2SjDUJfWmA==",
      "requires": {
        "@types/retry": "^0.12.0",
        "retry": "^0.12.0"
      }
    },
    "retry": {
      "version": "0.12.0",
      "resolved": "https://registry.npmjs.org/retry/-/retry-0.12.0.tgz",
      "integrity": "sha1-G0KmJmoh8HQh0bC1S33BZ7AcATs="
    },
    "tuyapi": {
      "version": "github:codetheweb/tuyapi#5b367eacb7815a9b6610c323c6ea34b2af5a9757",
      "from": "github:codetheweb/tuyapi",
      "requires": {
        "debug": "4.1.1",
        "p-retry": "4.2.0",
        "p-timeout": "3.2.0"
      },
      "dependencies": {
        "p-timeout": {
          "version": "3.2.0",
          "resolved": "https://registry.npmjs.org/p-timeout/-/p-timeout-3.2.0.tgz",
          "integrity": "sha512-rhIwUycgwwKcP9yTOOFK/AKsAopjjCakVqLHePO3CC6Mir1Z99xT+R63jZxAT5lFZLa2inS5h+ZS2GvR99/FBg==",
          "requires": {
            "p-finally": "^1.0.0"
          }
        }
      }
    }
  }
}
